# This file is autogenerated, do not edit; changes may be undone by the next 'dep ensure'.


[[projects]]
  digest = "1:92722da872b2706d291c468b3796c3535e47aa68b4825bbdf4a14fc386a97df0"
  name = "github.com/emicklei/go-restful"
  packages = [
    ".",
    "log",
  ]
  pruneopts = "UT"
  revision = "8dd9eb88e2526fab4b4768e46d6b75e72d471fb9"
  version = "v2.15.0"

[[projects]]
  digest = "1:7d7ccfe00918baede5a3daf233bad41bb922692f58a57a687f8b010e207a167b"
  name = "github.com/json-iterator/go"
  packages = ["."]
  pruneopts = "UT"
  revision = "a1ca0830781e007c66b225121d2cdb3a649421f6"
  version = "v1.1.10"

[[projects]]
  digest = "1:33422d238f147d247752996a26574ac48dcf472976eda7f5134015f06bf16563"
  name = "github.com/modern-go/concurrent"
  packages = ["."]
  pruneopts = "UT"
  revision = "bacd9c7ef1dd9b15be4a9909b8ac7a4e313eec94"
  version = "1.0.3"

[[projects]]
  digest = "1:e32bdbdb7c377a07a9a46378290059822efdce5c8d96fe71940d87cb4f918855"
  name = "github.com/modern-go/reflect2"
  packages = ["."]
  pruneopts = "UT"
  revision = "4b7aa43c6742a2c18fdef89dd197aaae7dac7ccd"
  version = "1.0.1"

[solve-meta]
  analyzer-name = "dep"
  analyzer-version = 1
  input-imports = ["github.com/emicklei/go-restful"]
  solver-name = "gps-cdcl"
  solver-version = 1
