# This file is autogenerated, do not edit; changes may be undone by the next 'dep ensure'.


[[projects]]
  name = "github.com/PuerkitoBio/purell"
  packages = ["."]
  revision = "0bcb03f4b4d0a9428594752bd2a3b9aa0a9d4bd4"
  version = "v1.1.0"

[[projects]]
  branch = "master"
  name = "github.com/PuerkitoBio/urlesc"
  packages = ["."]
  revision = "de5bf2ad457846296e2031421a34e2568e304e35"

[[projects]]
  name = "github.com/emicklei/go-restful"
  packages = [
    ".",
    "log"
  ]
  revision = "3eb9738c1697594ea6e71a7156a9bb32ed216cf0"
  version = "v2.8.0"

[[projects]]
  name = "github.com/go-openapi/jsonpointer"
  packages = ["."]
  revision = "3a0015ad55fa9873f41605d3e8f28cd279c32ab2"
  version = "0.16.0"

[[projects]]
  name = "github.com/go-openapi/jsonreference"
  packages = ["."]
  revision = "3fb327e6747da3043567ee86abd02bb6376b6be2"
  version = "0.16.0"

[[projects]]
  name = "github.com/go-openapi/spec"
  packages = ["."]
  revision = "384415f06ee238aae1df5caad877de6ceac3a5c4"
  version = "0.16.0"

[[projects]]
  name = "github.com/go-openapi/swag"
  packages = ["."]
  revision = "becd2f08beafcca035645a8a101e0e3e18140458"
  version = "0.16.0"

[[projects]]
  name = "github.com/gogo/protobuf"
  packages = [
    "proto",
    "sortkeys"
  ]
  revision = "636bf0302bc95575d69441b25a2603156ffdddf1"
  version = "v1.1.1"

[[projects]]
  branch = "master"
  name = "github.com/golang/glog"
  packages = ["."]
  revision = "23def4e6c14b4da8ac2ed8007337bc5eb5007998"

[[projects]]
  branch = "master"
  name = "github.com/google/gofuzz"
  packages = ["."]
  revision = "24818f796faf91cd76ec7bddd72458fbced7a6c1"

[[projects]]
  name = "github.com/json-iterator/go"
  packages = ["."]
  revision = "1624edc4454b8682399def8740d46db5e4362ba4"
  version = "v1.1.5"

[[projects]]
  branch = "master"
  name = "github.com/mailru/easyjson"
  packages = [
    "buffer",
    "jlexer",
    "jwriter"
  ]
  revision = "60711f1a8329503b04e1c88535f419d0bb440bff"

[[projects]]
  name = "github.com/modern-go/concurrent"
  packages = ["."]
  revision = "bacd9c7ef1dd9b15be4a9909b8ac7a4e313eec94"
  version = "1.0.3"

[[projects]]
  name = "github.com/modern-go/reflect2"
  packages = ["."]
  revision = "4b7aa43c6742a2c18fdef89dd197aaae7dac7ccd"
  version = "1.0.1"

[[projects]]
  name = "github.com/spf13/pflag"
  packages = ["."]
  revision = "9a97c102cda95a86cec2345a6f09f55a939babf5"
  version = "v1.0.2"

[[projects]]
  branch = "master"
  name = "golang.org/x/net"
  packages = [
    "http/httpguts",
    "http2",
    "http2/hpack",
    "idna"
  ]
  revision = "8a410e7b638dca158bf9e766925842f6651ff828"

[[projects]]
  name = "golang.org/x/text"
  packages = [
    "collate",
    "collate/build",
    "internal/colltab",
    "internal/gen",
    "internal/tag",
    "internal/triegen",
    "internal/ucd",
    "language",
    "secure/bidirule",
    "transform",
    "unicode/bidi",
    "unicode/cldr",
    "unicode/norm",
    "unicode/rangetable",
    "width"
  ]
  revision = "f21a4dfb5e38f5895301dc265a8def02365cc3d0"
  version = "v0.3.0"

[[projects]]
  branch = "master"
  name = "golang.org/x/tools"
  packages = [
    "go/ast/astutil",
    "imports",
    "internal/fastwalk"
  ]
  revision = "f6ba5742950514ddd66494151ed5498ed77969ca"

[[projects]]
  name = "gopkg.in/inf.v0"
  packages = ["."]
  revision = "d2d2541c53f18d2a059457998ce2876cc8e67cbf"
  version = "v0.9.1"

[[projects]]
  name = "gopkg.in/yaml.v2"
  packages = ["."]
  revision = "5420a8b6744d3b0345ab293f6fcba19c978f1183"
  version = "v2.2.1"

[[projects]]
  branch = "master"
  name = "k8s.io/api"
  packages = ["core/v1"]
  revision = "8fc60343b75c9ba9a2b9c7cb5fc3b9c5e9b90158"

[[projects]]
  branch = "master"
  name = "k8s.io/apimachinery"
  packages = [
    "pkg/api/resource",
    "pkg/apis/meta/v1",
    "pkg/conversion",
    "pkg/conversion/queryparams",
    "pkg/fields",
    "pkg/labels",
    "pkg/runtime",
    "pkg/runtime/schema",
    "pkg/selection",
    "pkg/types",
    "pkg/util/errors",
    "pkg/util/intstr",
    "pkg/util/json",
    "pkg/util/naming",
    "pkg/util/net",
    "pkg/util/runtime",
    "pkg/util/sets",
    "pkg/util/validation",
    "pkg/util/validation/field",
    "pkg/watch",
    "third_party/forked/golang/reflect"
  ]
  revision = "017bf4f8f5884203a401400e511f4c8fc2eded21"

[[projects]]
  branch = "master"
  name = "k8s.io/gengo"
  packages = [
    "args",
    "examples/set-gen/sets",
    "generator",
    "namer",
    "parser",
    "types"
  ]
  revision = "4242d8e6c5dba56827bb7bcf14ad11cda38f3991"

[[projects]]
  branch = "master"
  name = "k8s.io/kube-openapi"
  packages = [
    "cmd/openapi-gen/args",
    "pkg/builder",
    "pkg/common",
    "pkg/generators",
    "pkg/generators/rules",
    "pkg/util",
    "pkg/util/sets"
  ]
  revision = "e3762e86a74c878ffed47484592986685639c2cd"

[solve-meta]
  analyzer-name = "dep"
  analyzer-version = 1
  inputs-digest = "c641e7efbfe9e6318f9c962eb0465c89c58143f30edb89049ed5e1edef78bd70"
  solver-name = "gps-cdcl"
  solver-version = 1
